schema: '2.0'
stages:
  preprocessing:
    cmd: python dvc_scripts cli-preprocessing data\dvc_data\raw_data\data.csv data\dvc_data\processed\data_preprocessed.csv
    deps:
    - path: data\dvc_data\raw_data\data.csv
      hash: md5
      md5: 416dbaae1e40fedb40d630edd694833b
      size: 64950309
    - path: dvc_scripts\preprocessing.py
      hash: md5
      md5: 6acd853644fe02cf92f06179cecb0640
      size: 2965
    outs:
    - path: data\dvc_data\processed\data_preprocessed.csv
      hash: md5
      md5: 70b2e0bfc880984465c1c91ed656b9ad
      size: 38952625
  split_data:
    cmd: "python dvc_scripts cli-split  data\\dvc_data\\processed\\data_preprocessed.csv\
      \  data\\dvc_data\\processed\\train.csv  data\\dvc_data\\processed\\test.csv\n"
    deps:
    - path: data\dvc_data\processed\data_preprocessed.csv
      hash: md5
      md5: 70b2e0bfc880984465c1c91ed656b9ad
      size: 38952625
    - path: dvc_scripts\split.py
      hash: md5
      md5: e1610a39836f114444764bb07eb69a6b
      size: 1862
    params:
      params.yaml:
        random_state: 42
        test_train_split: 0.3
    outs:
    - path: data\dvc_data\processed\test.csv
      hash: md5
      md5: a9913a4d6d1a80564f159c8b0ef6cf2e
      size: 11974729
    - path: data\dvc_data\processed\train.csv
      hash: md5
      md5: 13104a18af0b42bc0422dc9a199b7847
      size: 27981865
  train_vectorizer:
    cmd: "python dvc_scripts cli-tfidf data\\dvc_data\\processed\\train.csv  dvc_artifacts\\\
      models\\vectorizer.pickle\n"
    deps:
    - path: data\dvc_data\processed\train.csv
      hash: md5
      md5: 13104a18af0b42bc0422dc9a199b7847
      size: 27981865
    - path: dvc_scripts\vectorize.py
      hash: md5
      md5: 3943789d572c4de8de9c2f8e257bb916
      size: 1693
    params:
      params.yaml:
        vectorizer_tfidf:
          max_features: 20000
          analyzer: word
    outs:
    - path: dvc_artifacts\models\vectorizer.pickle
      hash: md5
      md5: dc33ef4f47d5aeed151b9c6e038efa4b
      size: 2075071
  train_ml_model:
    cmd: "python dvc_scripts cli-train  data\\dvc_data\\processed\\train.csv  dvc_artifacts\\\
      models\\vectorizer.pickle  dvc_artifacts\\ml_models\\logistic_regression.pikle\n"
    deps:
    - path: data\dvc_data\processed\train.csv
      hash: md5
      md5: 13104a18af0b42bc0422dc9a199b7847
      size: 27981865
    - path: dvc_artifacts\models\vectorizer.pickle
      hash: md5
      md5: dc33ef4f47d5aeed151b9c6e038efa4b
      size: 2075071
    - path: dvc_scripts\train_model.py
      hash: md5
      md5: 0afddaf98052871d5990a96ad56b3e3a
      size: 1273
    params:
      params.yaml:
        logistic_regression:
          random_state: 42
    outs:
    - path: dvc_artifacts\ml_models\logistic_regression.pikle
      hash: md5
      md5: e4c975722537f822bd8f98c85fbdd8d2
      size: 160723
  test_model:
    cmd: "python dvc_scripts cli-testing  data\\dvc_data\\processed\\test.csv  dvc_artifacts\\\
      ml_models\\logistic_regression.pikle  dvc_artifacts\\models\\vectorizer.pickle\
      \  dvc_artifacts\\summary.json  dvc_artifacts\\conflusion_matrix.png\n"
    deps:
    - path: data\dvc_data\processed\test.csv
      hash: md5
      md5: a9913a4d6d1a80564f159c8b0ef6cf2e
      size: 11974729
    - path: dvc_artifacts\ml_models\logistic_regression.pikle
      hash: md5
      md5: e4c975722537f822bd8f98c85fbdd8d2
      size: 160723
    - path: dvc_artifacts\models\vectorizer.pickle
      hash: md5
      md5: dc33ef4f47d5aeed151b9c6e038efa4b
      size: 2075071
    - path: dvc_scripts\evaluate.py
      hash: md5
      md5: cfa85aea4e08cca1dc8519012f634564
      size: 4049
    outs:
    - path: dvc_artifacts\conflusion_matrix.png
      hash: md5
      md5: 601e2e2f3d119bc971aee517488a1e3a
      size: 12924
    - path: dvc_artifacts\summary.json
      hash: md5
      md5: 866210bae25354415f32ce74c717c267
      size: 395
